
Microsoft Visual Studio Solution File, Format Version 12.00
# Visual Studio Version 17
VisualStudioVersion = 17.2.32516.85
MinimumVisualStudioVersion = 10.0.40219.1
Project("{FAE04EC0-301F-11D3-BF4B-00C04F79EFBC}") = "Csharp_Fundamentals", "Csharp_Fundamentals.csproj", "{C1949848-34B6-459B-B890-62D5CB4E9B59}"
EndProject
Global
	GlobalSection(SolutionConfigurationPlatforms) = preSolution
		Debug|Any CPU = Debug|Any CPU
		Release|Any CPU = Release|Any CPU
	EndGlobalSection
	GlobalSection(ProjectConfigurationPlatforms) = postSolution
		{C1949848-34B6-459B-B890-62D5CB4E9B59}.Debug|Any CPU.ActiveCfg = Debug|Any CPU
		{C1949848-34B6-459B-B890-62D5CB4E9B59}.Debug|Any CPU.Build.0 = Debug|Any CPU
		{C1949848-34B6-459B-B890-62D5CB4E9B59}.Release|Any CPU.ActiveCfg = Release|Any CPU
		{C1949848-34B6-459B-B890-62D5CB4E9B59}.Release|Any CPU.Build.0 = Release|Any CPU
	EndGlobalSection
	GlobalSection(SolutionProperties) = preSolution
		HideSolutionNode = FALSE
	EndGlobalSection
	GlobalSection(ExtensibilityGlobals) = postSolution
		SolutionGuid = {03D7B208-538B-45BA-B530-029C041DC141}
	EndGlobalSection
EndGlobal
